PODS:
  - JamesSDK (0.1.1):
    - JamesSDK/Core (= 0.1.1)
  - JamesSDK/Core (0.1.1)
  - JamesSDKCore (0.1.1)

DEPENDENCIES:
  - JamesSDK (from `../`)
  - JamesSDKCore (from `../`)

EXTERNAL SOURCES:
  JamesSDK:
    :path: "../"
  JamesSDKCore:
    :path: "../"

SPEC CHECKSUMS:
  JamesSDK: 1ea66883a52c2fb3b27c47fcf63ef5f8251a215f
  JamesSDKCore: 604cc31985d251442f2054ff3c19319e13c0ca77

PODFILE CHECKSUM: d28cefc58155a895694f3f8cd881f7bdd74d4718

COCOAPODS: 1.11.2
